{
    "name": "firstproj",
    "lockfileVersion": 2,
    "requires": true,
    "packages": {
        "": {
            "dependencies": {
                "child_process": "^1.0.2",
                "os": "^0.1.2",
                "sys": "^0.0.1"
            }
        },
        "node_modules/child_process": {
            "version": "1.0.2",
            "resolved": "https://registry.npmjs.org/child_process/-/child_process-1.0.2.tgz",
            "integrity": "sha1-sffn/HPSXn/R1FWtyU4UODAYK1o="
        },
        "node_modules/os": {
            "version": "0.1.2",
            "resolved": "https://registry.npmjs.org/os/-/os-0.1.2.tgz",
            "integrity": "sha512-ZoXJkvAnljwvc56MbvhtKVWmSkzV712k42Is2mA0+0KTSRakq5XXuXpjZjgAt9ctzl51ojhQWakQQpmOvXWfjQ=="
        },
        "node_modules/sys": {
            "version": "0.0.1",
            "resolved": "https://registry.npmjs.org/sys/-/sys-0.0.1.tgz",
            "integrity": "sha1-NIDMaVcUkFt6vOUKVaWjmFmX5hk="
        }
    },
    "dependencies": {
        "child_process": {
            "version": "1.0.2",
            "resolved": "https://registry.npmjs.org/child_process/-/child_process-1.0.2.tgz",
            "integrity": "sha1-sffn/HPSXn/R1FWtyU4UODAYK1o="
        },
        "os": {
            "version": "0.1.2",
            "resolved": "https://registry.npmjs.org/os/-/os-0.1.2.tgz",
            "integrity": "sha512-ZoXJkvAnljwvc56MbvhtKVWmSkzV712k42Is2mA0+0KTSRakq5XXuXpjZjgAt9ctzl51ojhQWakQQpmOvXWfjQ=="
        },
        "sys": {
            "version": "0.0.1",
            "resolved": "https://registry.npmjs.org/sys/-/sys-0.0.1.tgz",
            "integrity": "sha1-NIDMaVcUkFt6vOUKVaWjmFmX5hk="
        }
    }
}
